PODS:
  - Alamofire (3.5.1)
  - Kingfisher (2.2.2)

DEPENDENCIES:
  - Alamofire (~> 3.5)
  - Kingfisher (~> 2.2.2)

SPEC CHECKSUMS:
  Alamofire: 0dfba1184a543e2aa160f4e39cac4e8aba48d223
  Kingfisher: 7e8de5b0cf7b5dc8ec559d193029a0859df93ef1

PODFILE CHECKSUM: b1fb63e1cb252a7483323d3d2b5dc692c73e7225

COCOAPODS: 1.2.0.beta.1
