// !$*UTF8*$!
{
	archiveVersion = 1;
	classes = {
	};
	objectVersion = 46;
	objects = {

/* Begin PBXBuildFile section */
		6AF339881E2539EE00FAC5AD /* AppDelegate.swift in Sources */ = {isa = PBXBuildFile; fileRef = 6AF339871E2539EE00FAC5AD /* AppDelegate.swift */; };
		6AF3398D1E2539EE00FAC5AD /* Main.storyboard in Resources */ = {isa = PBXBuildFile; fileRef = 6AF3398B1E2539EE00FAC5AD /* Main.storyboard */; };
		6AF3398F1E2539EE00FAC5AD /* Assets.xcassets in Resources */ = {isa = PBXBuildFile; fileRef = 6AF3398E1E2539EE00FAC5AD /* Assets.xcassets */; };
		6AF339921E2539EE00FAC5AD /* LaunchScreen.storyboard in Resources */ = {isa = PBXBuildFile; fileRef = 6AF339901E2539EE00FAC5AD /* LaunchScreen.storyboard */; };
/* End PBXBuildFile section */

/* Begin PBXFileReference section */
		6AF339841E2539EE00FAC5AD /* DouYu.app */ = {isa = PBXFileReference; explicitFileType = wrapper.application; includeInIndex = 0; path = DouYu.app; sourceTree = BUILT_PRODUCTS_DIR; };
		6AF339871E2539EE00FAC5AD /* AppDelegate.swift */ = {isa = PBXFileReference; lastKnownFileType = sourcecode.swift; path = AppDelegate.swift; sourceTree = "<group>"; };
		6AF3398C1E2539EE00FAC5AD /* Base */ = {isa = PBXFileReference; lastKnownFileType = file.storyboard; name = Base; path = Base.lproj/Main.storyboard; sourceTree = "<group>"; };
		6AF3398E1E2539EE00FAC5AD /* Assets.xcassets */ = {isa = PBXFileReference; lastKnownFileType = folder.assetcatalog; path = Assets.xcassets; sourceTree = "<group>"; };
		6AF339911E2539EE00FAC5AD /* Base */ = {isa = PBXFileReference; lastKnownFileType = file.storyboard; name = Base; path = Base.lproj/LaunchScreen.storyboard; sourceTree = "<group>"; };
		6AF339931E2539EE00FAC5AD /* Info.plist */ = {isa = PBXFileReference; lastKnownFileType = text.plist.xml; path = Info.plist; sourceTree = "<group>"; };
/* End PBXFileReference section */

/* Begin PBXFrameworksBuildPhase section */
		6AF339811E2539EE00FAC5AD /* Frameworks */ = {
			isa = PBXFrameworksBuildPhase;
			buildActionMask = 2147483647;
			files = (
			);
			runOnlyForDeploymentPostprocessing = 0;
		};
/* End PBXFrameworksBuildPhase section */

/* Begin PBXGroup section */
		6AF3397B1E2539EE00FAC5AD = {
			isa = PBXGroup;
			children = (
				6AF339861E2539EE00FAC5AD /* DouYu */,
				6AF339851E2539EE00FAC5AD /* Products */,
			);
			sourceTree = "<group>";
		};
		6AF339851E2539EE00FAC5AD /* Products */ = {
			isa = PBXGroup;
			children = (
				6AF339841E2539EE00FAC5AD /* DouYu.app */,
			);
			name = Products;
			sourceTree = "<group>";
		};
		6AF339861E2539EE00FAC5AD /* DouYu */ = {
			isa = PBXGroup;
			children = (
				6AF339991E253AE600FAC5AD /* Classes */,
				6AF339871E2539EE00FAC5AD /* AppDelegate.swift */,
				6AF3398B1E2539EE00FAC5AD /* Main.storyboard */,
				6AF3398E1E2539EE00FAC5AD /* Assets.xcassets */,
				6AF339901E2539EE00FAC5AD /* LaunchScreen.storyboard */,
				6AF339931E2539EE00FAC5AD /* Info.plist */,
			);
			path = DouYu;
			sourceTree = "<group>";
		};
		6AF339991E253AE600FAC5AD /* Classes */ = {
			isa = PBXGroup;
			children = (
				6AF339B81E253AE600FAC5AD /* Tools */,
				6AF339A91E253AE600FAC5AD /* Main */,
				6AF3399F1E253AE600FAC5AD /* Home */,
				6AF339A41E253AE600FAC5AD /* Live */,
				6AF339B31E253AE600FAC5AD /* Room */,
				6AF3399A1E253AE600FAC5AD /* Follow */,
				6AF339AE1E253AE600FAC5AD /* Profile */,
			);
			path = Classes;
			sourceTree = "<group>";
		};
		6AF3399A1E253AE600FAC5AD /* Follow */ = {
			isa = PBXGroup;
			children = (
				6AF3399B1E253AE600FAC5AD /* Controller */,
				6AF3399C1E253AE600FAC5AD /* Model */,
				6AF3399D1E253AE600FAC5AD /* View */,
				6AF3399E1E253AE600FAC5AD /* ViewModel */,
			);
			path = Follow;
			sourceTree = "<group>";
		};
		6AF3399B1E253AE600FAC5AD /* Controller */ = {
			isa = PBXGroup;
			children = (
			);
			path = Controller;
			sourceTree = "<group>";
		};
		6AF3399C1E253AE600FAC5AD /* Model */ = {
			isa = PBXGroup;
			children = (
			);
			path = Model;
			sourceTree = "<group>";
		};
		6AF3399D1E253AE600FAC5AD /* View */ = {
			isa = PBXGroup;
			children = (
			);
			path = View;
			sourceTree = "<group>";
		};
		6AF3399E1E253AE600FAC5AD /* ViewModel */ = {
			isa = PBXGroup;
			children = (
			);
			path = ViewModel;
			sourceTree = "<group>";
		};
		6AF3399F1E253AE600FAC5AD /* Home */ = {
			isa = PBXGroup;
			children = (
				6AF339A01E253AE600FAC5AD /* Controller */,
				6AF339A11E253AE600FAC5AD /* Model */,
				6AF339A21E253AE600FAC5AD /* View */,
				6AF339A31E253AE600FAC5AD /* ViewModel */,
			);
			path = Home;
			sourceTree = "<group>";
		};
		6AF339A01E253AE600FAC5AD /* Controller */ = {
			isa = PBXGroup;
			children = (
			);
			path = Controller;
			sourceTree = "<group>";
		};
		6AF339A11E253AE600FAC5AD /* Model */ = {
			isa = PBXGroup;
			children = (
			);
			path = Model;
			sourceTree = "<group>";
		};
		6AF339A21E253AE600FAC5AD /* View */ = {
			isa = PBXGroup;
			children = (
			);
			path = View;
			sourceTree = "<group>";
		};
		6AF339A31E253AE600FAC5AD /* ViewModel */ = {
			isa = PBXGroup;
			children = (
			);
			path = ViewModel;
			sourceTree = "<group>";
		};
		6AF339A41E253AE600FAC5AD /* Live */ = {
			isa = PBXGroup;
			children = (
				6AF339A51E253AE600FAC5AD /* Controller */,
				6AF339A61E253AE600FAC5AD /* Model */,
				6AF339A71E253AE600FAC5AD /* View */,
				6AF339A81E253AE600FAC5AD /* ViewModel */,
			);
			path = Live;
			sourceTree = "<group>";
		};
		6AF339A51E253AE600FAC5AD /* Controller */ = {
			isa = PBXGroup;
			children = (
			);
			path = Controller;
			sourceTree = "<group>";
		};
		6AF339A61E253AE600FAC5AD /* Model */ = {
			isa = PBXGroup;
			children = (
			);
			path = Model;
			sourceTree = "<group>";
		};
		6AF339A71E253AE600FAC5AD /* View */ = {
			isa = PBXGroup;
			children = (
			);
			path = View;
			sourceTree = "<group>";
		};
		6AF339A81E253AE600FAC5AD /* ViewModel */ = {
			isa = PBXGroup;
			children = (
			);
			path = ViewModel;
			sourceTree = "<group>";
		};
		6AF339A91E253AE600FAC5AD /* Main */ = {
			isa = PBXGroup;
			children = (
				6AF339AA1E253AE600FAC5AD /* Controller */,
				6AF339AB1E253AE600FAC5AD /* Model */,
				6AF339AC1E253AE600FAC5AD /* View */,
				6AF339AD1E253AE600FAC5AD /* ViewModel */,
			);
			path = Main;
			sourceTree = "<group>";
		};
		6AF339AA1E253AE600FAC5AD /* Controller */ = {
			isa = PBXGroup;
			children = (
			);
			path = Controller;
			sourceTree = "<group>";
		};
		6AF339AB1E253AE600FAC5AD /* Model */ = {
			isa = PBXGroup;
			children = (
			);
			path = Model;
			sourceTree = "<group>";
		};
		6AF339AC1E253AE600FAC5AD /* View */ = {
			isa = PBXGroup;
			children = (
			);
			path = View;
			sourceTree = "<group>";
		};
		6AF339AD1E253AE600FAC5AD /* ViewModel */ = {
			isa = PBXGroup;
			children = (
			);
			path = ViewModel;
			sourceTree = "<group>";
		};
		6AF339AE1E253AE600FAC5AD /* Profile */ = {
			isa = PBXGroup;
			children = (
				6AF339AF1E253AE600FAC5AD /* Controller */,
				6AF339B01E253AE600FAC5AD /* Model */,
				6AF339B11E253AE600FAC5AD /* View */,
				6AF339B21E253AE600FAC5AD /* ViewModel */,
			);
			path = Profile;
			sourceTree = "<group>";
		};
		6AF339AF1E253AE600FAC5AD /* Controller */ = {
			isa = PBXGroup;
			children = (
			);
			path = Controller;
			sourceTree = "<group>";
		};
		6AF339B01E253AE600FAC5AD /* Model */ = {
			isa = PBXGroup;
			children = (
			);
			path = Model;
			sourceTree = "<group>";
		};
		6AF339B11E253AE600FAC5AD /* View */ = {
			isa = PBXGroup;
			children = (
			);
			path = View;
			sourceTree = "<group>";
		};
		6AF339B21E253AE600FAC5AD /* ViewModel */ = {
			isa = PBXGroup;
			children = (
			);
			path = ViewModel;
			sourceTree = "<group>";
		};
		6AF339B31E253AE600FAC5AD /* Room */ = {
			isa = PBXGroup;
			children = (
				6AF339B41E253AE600FAC5AD /* Controller */,
				6AF339B51E253AE600FAC5AD /* Model */,
				6AF339B61E253AE600FAC5AD /* View */,
				6AF339B71E253AE600FAC5AD /* ViewModel */,
			);
			path = Room;
			sourceTree = "<group>";
		};
		6AF339B41E253AE600FAC5AD /* Controller */ = {
			isa = PBXGroup;
			children = (
			);
			path = Controller;
			sourceTree = "<group>";
		};
		6AF339B51E253AE600FAC5AD /* Model */ = {
			isa = PBXGroup;
			children = (
			);
			path = Model;
			sourceTree = "<group>";
		};
		6AF339B61E253AE600FAC5AD /* View */ = {
			isa = PBXGroup;
			children = (
			);
			path = View;
			sourceTree = "<group>";
		};
		6AF339B71E253AE600FAC5AD /* ViewModel */ = {
			isa = PBXGroup;
			children = (
			);
			path = ViewModel;
			sourceTree = "<group>";
		};
		6AF339B81E253AE600FAC5AD /* Tools */ = {
			isa = PBXGroup;
			children = (
				6AF339B91E253AE600FAC5AD /* Category */,
				6AF339BA1E253AE600FAC5AD /* Inherit */,
			);
			path = Tools;
			sourceTree = "<group>";
		};
		6AF339B91E253AE600FAC5AD /* Category */ = {
			isa = PBXGroup;
			children = (
			);
			path = Category;
			sourceTree = "<group>";
		};
		6AF339BA1E253AE600FAC5AD /* Inherit */ = {
			isa = PBXGroup;
			children = (
			);
			path = Inherit;
			sourceTree = "<group>";
		};
/* End PBXGroup section */

/* Begin PBXNativeTarget section */
		6AF339831E2539EE00FAC5AD /* DouYu */ = {
			isa = PBXNativeTarget;
			buildConfigurationList = 6AF339961E2539EE00FAC5AD /* Build configuration list for PBXNativeTarget "DouYu" */;
			buildPhases = (
				6AF339801E2539EE00FAC5AD /* Sources */,
				6AF339811E2539EE00FAC5AD /* Frameworks */,
				6AF339821E2539EE00FAC5AD /* Resources */,
			);
			buildRules = (
			);
			dependencies = (
			);
			name = DouYu;
			productName = DouYu;
			productReference = 6AF339841E2539EE00FAC5AD /* DouYu.app */;
			productType = "com.apple.product-type.application";
		};
/* End PBXNativeTarget section */

/* Begin PBXProject section */
		6AF3397C1E2539EE00FAC5AD /* Project object */ = {
			isa = PBXProject;
			attributes = {
				LastSwiftUpdateCheck = 0710;
				LastUpgradeCheck = 0710;
				ORGANIZATIONNAME = Quanjun;
				TargetAttributes = {
					6AF339831E2539EE00FAC5AD = {
						CreatedOnToolsVersion = 7.1.1;
					};
				};
			};
			buildConfigurationList = 6AF3397F1E2539EE00FAC5AD /* Build configuration list for PBXProject "DouYu" */;
			compatibilityVersion = "Xcode 3.2";
			developmentRegion = English;
			hasScannedForEncodings = 0;
			knownRegions = (
				en,
				Base,
			);
			mainGroup = 6AF3397B1E2539EE00FAC5AD;
			productRefGroup = 6AF339851E2539EE00FAC5AD /* Products */;
			projectDirPath = "";
			projectRoot = "";
			targets = (
				6AF339831E2539EE00FAC5AD /* DouYu */,
			);
		};
/* End PBXProject section */

/* Begin PBXResourcesBuildPhase section */
		6AF339821E2539EE00FAC5AD /* Resources */ = {
			isa = PBXResourcesBuildPhase;
			buildActionMask = 2147483647;
			files = (
				6AF339921E2539EE00FAC5AD /* LaunchScreen.storyboard in Resources */,
				6AF3398F1E2539EE00FAC5AD /* Assets.xcassets in Resources */,
				6AF3398D1E2539EE00FAC5AD /* Main.storyboard in Resources */,
			);
			runOnlyForDeploymentPostprocessing = 0;
		};
/* End PBXResourcesBuildPhase section */

/* Begin PBXSourcesBuildPhase section */
		6AF339801E2539EE00FAC5AD /* Sources */ = {
			isa = PBXSourcesBuildPhase;
			buildActionMask = 2147483647;
			files = (
				6AF339881E2539EE00FAC5AD /* AppDelegate.swift in Sources */,
			);
			runOnlyForDeploymentPostprocessing = 0;
		};
/* End PBXSourcesBuildPhase section */

/* Begin PBXVariantGroup section */
		6AF3398B1E2539EE00FAC5AD /* Main.storyboard */ = {
			isa = PBXVariantGroup;
			children = (
				6AF3398C1E2539EE00FAC5AD /* Base */,
			);
			name = Main.storyboard;
			sourceTree = "<group>";
		};
		6AF339901E2539EE00FAC5AD /* LaunchScreen.storyboard */ = {
			isa = PBXVariantGroup;
			children = (
				6AF339911E2539EE00FAC5AD /* Base */,
			);
			name = LaunchScreen.storyboard;
			sourceTree = "<group>";
		};
/* End PBXVariantGroup section */

/* Begin XCBuildConfiguration section */
		6AF339941E2539EE00FAC5AD /* Debug */ = {
			isa = XCBuildConfiguration;
			buildSettings = {
				ALWAYS_SEARCH_USER_PATHS = NO;
				CLANG_CXX_LANGUAGE_STANDARD = "gnu++0x";
				CLANG_CXX_LIBRARY = "libc++";
				CLANG_ENABLE_MODULES = YES;
				CLANG_ENABLE_OBJC_ARC = YES;
				CLANG_WARN_BOOL_CONVERSION = YES;
				CLANG_WARN_CONSTANT_CONVERSION = YES;
				CLANG_WARN_DIRECT_OBJC_ISA_USAGE = YES_ERROR;
				CLANG_WARN_EMPTY_BODY = YES;
				CLANG_WARN_ENUM_CONVERSION = YES;
				CLANG_WARN_INT_CONVERSION = YES;
				CLANG_WARN_OBJC_ROOT_CLASS = YES_ERROR;
				CLANG_WARN_UNREACHABLE_CODE = YES;
				CLANG_WARN__DUPLICATE_METHOD_MATCH = YES;
				"CODE_SIGN_IDENTITY[sdk=iphoneos*]" = "iPhone Developer";
				COPY_PHASE_STRIP = NO;
				DEBUG_INFORMATION_FORMAT = dwarf;
				ENABLE_STRICT_OBJC_MSGSEND = YES;
				ENABLE_TESTABILITY = YES;
				GCC_C_LANGUAGE_STANDARD = gnu99;
				GCC_DYNAMIC_NO_PIC = NO;
				GCC_NO_COMMON_BLOCKS = YES;
				GCC_OPTIMIZATION_LEVEL = 0;
				GCC_PREPROCESSOR_DEFINITIONS = (
					"DEBUG=1",
					"$(inherited)",
				);
				GCC_WARN_64_TO_32_BIT_CONVERSION = YES;
				GCC_WARN_ABOUT_RETURN_TYPE = YES_ERROR;
				GCC_WARN_UNDECLARED_SELECTOR = YES;
				GCC_WARN_UNINITIALIZED_AUTOS = YES_AGGRESSIVE;
				GCC_WARN_UNUSED_FUNCTION = YES;
				GCC_WARN_UNUSED_VARIABLE = YES;
				IPHONEOS_DEPLOYMENT_TARGET = 9.1;
				MTL_ENABLE_DEBUG_INFO = YES;
				ONLY_ACTIVE_ARCH = YES;
				SDKROOT = iphoneos;
				SWIFT_OPTIMIZATION_LEVEL = "-Onone";
				TARGETED_DEVICE_FAMILY = "1,2";
			};
			name = Debug;
		};
		6AF339951E2539EE00FAC5AD /* Release */ = {
			isa = XCBuildConfiguration;
			buildSettings = {
				ALWAYS_SEARCH_USER_PATHS = NO;
				CLANG_CXX_LANGUAGE_STANDARD = "gnu++0x";
				CLANG_CXX_LIBRARY = "libc++";
				CLANG_ENABLE_MODULES = YES;
				CLANG_ENABLE_OBJC_ARC = YES;
				CLANG_WARN_BOOL_CONVERSION = YES;
				CLANG_WARN_CONSTANT_CONVERSION = YES;
				CLANG_WARN_DIRECT_OBJC_ISA_USAGE = YES_ERROR;
				CLANG_WARN_EMPTY_BODY = YES;
				CLANG_WARN_ENUM_CONVERSION = YES;
				CLANG_WARN_INT_CONVERSION = YES;
				CLANG_WARN_OBJC_ROOT_CLASS = YES_ERROR;
				CLANG_WARN_UNREACHABLE_CODE = YES;
				CLANG_WARN__DUPLICATE_METHOD_MATCH = YES;
				"CODE_SIGN_IDENTITY[sdk=iphoneos*]" = "iPhone Developer";
				COPY_PHASE_STRIP = NO;
				DEBUG_INFORMATION_FORMAT = "dwarf-with-dsym";
				ENABLE_NS_ASSERTIONS = NO;
				ENABLE_STRICT_OBJC_MSGSEND = YES;
				GCC_C_LANGUAGE_STANDARD = gnu99;
				GCC_NO_COMMON_BLOCKS = YES;
				GCC_WARN_64_TO_32_BIT_CONVERSION = YES;
				GCC_WARN_ABOUT_RETURN_TYPE = YES_ERROR;
				GCC_WARN_UNDECLARED_SELECTOR = YES;
				GCC_WARN_UNINITIALIZED_AUTOS = YES_AGGRESSIVE;
				GCC_WARN_UNUSED_FUNCTION = YES;
				GCC_WARN_UNUSED_VARIABLE = YES;
				IPHONEOS_DEPLOYMENT_TARGET = 9.1;
				MTL_ENABLE_DEBUG_INFO = NO;
				SDKROOT = iphoneos;
				TARGETED_DEVICE_FAMILY = "1,2";
				VALIDATE_PRODUCT = YES;
			};
			name = Release;
		};
		6AF339971E2539EE00FAC5AD /* Debug */ = {
			isa = XCBuildConfiguration;
			buildSettings = {
				ASSETCATALOG_COMPILER_APPICON_NAME = AppIcon;
				ASSETCATALOG_COMPILER_LAUNCHIMAGE_NAME = "Brand Assets";
				INFOPLIST_FILE = DouYu/Info.plist;
				IPHONEOS_DEPLOYMENT_TARGET = 9.0;
				LD_RUNPATH_SEARCH_PATHS = "$(inherited) @executable_path/Frameworks";
				PRODUCT_BUNDLE_IDENTIFIER = com.quanjun.www.DouYu;
				PRODUCT_NAME = "$(TARGET_NAME)";
			};
			name = Debug;
		};
		6AF339981E2539EE00FAC5AD /* Release */ = {
			isa = XCBuildConfiguration;
			buildSettings = {
				ASSETCATALOG_COMPILER_APPICON_NAME = AppIcon;
				ASSETCATALOG_COMPILER_LAUNCHIMAGE_NAME = "Brand Assets";
				INFOPLIST_FILE = DouYu/Info.plist;
				IPHONEOS_DEPLOYMENT_TARGET = 9.0;
				LD_RUNPATH_SEARCH_PATHS = "$(inherited) @executable_path/Frameworks";
				PRODUCT_BUNDLE_IDENTIFIER = com.quanjun.www.DouYu;
				PRODUCT_NAME = "$(TARGET_NAME)";
			};
			name = Release;
		};
/* End XCBuildConfiguration section */

/* Begin XCConfigurationList section */
		6AF3397F1E2539EE00FAC5AD /* Build configuration list for PBXProject "DouYu" */ = {
			isa = XCConfigurationList;
			buildConfigurations = (
				6AF339941E2539EE00FAC5AD /* Debug */,
				6AF339951E2539EE00FAC5AD /* Release */,
			);
			defaultConfigurationIsVisible = 0;
			defaultConfigurationName = Release;
		};
		6AF339961E2539EE00FAC5AD /* Build configuration list for PBXNativeTarget "DouYu" */ = {
			isa = XCConfigurationList;
			buildConfigurations = (
				6AF339971E2539EE00FAC5AD /* Debug */,
				6AF339981E2539EE00FAC5AD /* Release */,
			);
			defaultConfigurationIsVisible = 0;
			defaultConfigurationName = Release;
		};
/* End XCConfigurationList section */
	};
	rootObject = 6AF3397C1E2539EE00FAC5AD /* Project object */;
}
